// !$*UTF8*$!
{
	archiveVersion = 1;
	classes = {
	};
	objectVersion = 50;
	objects = {

/* Begin PBXBuildFile section */
		4784E246E2C1C98780B765F5 /* Pods_flixTests.framework in Frameworks */ = {isa = PBXBuildFile; fileRef = 98B04DB8C64511F8B7CD47D9 /* Pods_flixTests.framework */; };
		A63510F7A6B237E8394C9CDA /* Pods_flix.framework in Frameworks */ = {isa = PBXBuildFile; fileRef = 0BB717496DCD2E2F71EAF0A7 /* Pods_flix.framework */; };
		CA863BE32449839F00CAD990 /* MovieCell.swift in Sources */ = {isa = PBXBuildFile; fileRef = CA863BE22449839F00CAD990 /* MovieCell.swift */; };
		CAC001602449555C0099C2D2 /* AppDelegate.swift in Sources */ = {isa = PBXBuildFile; fileRef = CAC0015F2449555C0099C2D2 /* AppDelegate.swift */; };
		CAC001622449555C0099C2D2 /* SceneDelegate.swift in Sources */ = {isa = PBXBuildFile; fileRef = CAC001612449555C0099C2D2 /* SceneDelegate.swift */; };
		CAC001642449555C0099C2D2 /* ViewController.swift in Sources */ = {isa = PBXBuildFile; fileRef = CAC001632449555C0099C2D2 /* ViewController.swift */; };
		CAC001672449555C0099C2D2 /* Main.storyboard in Resources */ = {isa = PBXBuildFile; fileRef = CAC001652449555C0099C2D2 /* Main.storyboard */; };
		CAC001692449555D0099C2D2 /* Assets.xcassets in Resources */ = {isa = PBXBuildFile; fileRef = CAC001682449555D0099C2D2 /* Assets.xcassets */; };
		CAC0016C2449555D0099C2D2 /* LaunchScreen.storyboard in Resources */ = {isa = PBXBuildFile; fileRef = CAC0016A2449555D0099C2D2 /* LaunchScreen.storyboard */; };
		CAC001772449555D0099C2D2 /* flixTests.swift in Sources */ = {isa = PBXBuildFile; fileRef = CAC001762449555D0099C2D2 /* flixTests.swift */; };
		CAC001822449555D0099C2D2 /* flixUITests.swift in Sources */ = {isa = PBXBuildFile; fileRef = CAC001812449555D0099C2D2 /* flixUITests.swift */; };
		CAC001902449565C0099C2D2 /* MoviesViewController.swift in Sources */ = {isa = PBXBuildFile; fileRef = CAC0018F2449565C0099C2D2 /* MoviesViewController.swift */; };
		CAC001A3244957320099C2D2 /* now_playing_tabbar_item.png in Resources */ = {isa = PBXBuildFile; fileRef = CAC00191244957310099C2D2 /* now_playing_tabbar_item.png */; };
		CAC001A4244957320099C2D2 /* ticket_tabbar_icon@2x.png in Resources */ = {isa = PBXBuildFile; fileRef = CAC00192244957310099C2D2 /* ticket_tabbar_icon@2x.png */; };
		CAC001A5244957320099C2D2 /* ticket_tabbar_icon.png in Resources */ = {isa = PBXBuildFile; fileRef = CAC00193244957310099C2D2 /* ticket_tabbar_icon.png */; };
		CAC001A6244957320099C2D2 /* ticket_tabbar_icon@3x.png in Resources */ = {isa = PBXBuildFile; fileRef = CAC00194244957310099C2D2 /* ticket_tabbar_icon@3x.png */; };
		CAC001A7244957320099C2D2 /* superhero_tabbar_item@2x.png in Resources */ = {isa = PBXBuildFile; fileRef = CAC00195244957310099C2D2 /* superhero_tabbar_item@2x.png */; };
		CAC001A8244957320099C2D2 /* launch_image@2x.png in Resources */ = {isa = PBXBuildFile; fileRef = CAC00196244957310099C2D2 /* launch_image@2x.png */; };
		CAC001A9244957320099C2D2 /* launch_image@3x.png in Resources */ = {isa = PBXBuildFile; fileRef = CAC00197244957310099C2D2 /* launch_image@3x.png */; };
		CAC001AA244957320099C2D2 /* projector_tabbar_item.png in Resources */ = {isa = PBXBuildFile; fileRef = CAC00198244957310099C2D2 /* projector_tabbar_item.png */; };
		CAC001AB244957320099C2D2 /* now_playing_tabbar_item@2x.png in Resources */ = {isa = PBXBuildFile; fileRef = CAC00199244957310099C2D2 /* now_playing_tabbar_item@2x.png */; };
		CAC001AC244957320099C2D2 /* reel_tabbar_icon@2x.png in Resources */ = {isa = PBXBuildFile; fileRef = CAC0019A244957310099C2D2 /* reel_tabbar_icon@2x.png */; };
		CAC001AD244957320099C2D2 /* launch_image.png in Resources */ = {isa = PBXBuildFile; fileRef = CAC0019B244957310099C2D2 /* launch_image.png */; };
		CAC001AE244957320099C2D2 /* reel_tabbar_icon@3x.png in Resources */ = {isa = PBXBuildFile; fileRef = CAC0019C244957310099C2D2 /* reel_tabbar_icon@3x.png */; };
		CAC001AF244957320099C2D2 /* superhero_tabbar_item.png in Resources */ = {isa = PBXBuildFile; fileRef = CAC0019D244957310099C2D2 /* superhero_tabbar_item.png */; };
		CAC001B0244957320099C2D2 /* projector_tabbar_item@3x.png in Resources */ = {isa = PBXBuildFile; fileRef = CAC0019E244957310099C2D2 /* projector_tabbar_item@3x.png */; };
		CAC001B1244957320099C2D2 /* projector_tabbar_item@2x.png in Resources */ = {isa = PBXBuildFile; fileRef = CAC0019F244957320099C2D2 /* projector_tabbar_item@2x.png */; };
		CAC001B2244957320099C2D2 /* reel_tabbar_icon.png in Resources */ = {isa = PBXBuildFile; fileRef = CAC001A0244957320099C2D2 /* reel_tabbar_icon.png */; };
		CAC001B3244957320099C2D2 /* superhero_tabbar_item@3x.png in Resources */ = {isa = PBXBuildFile; fileRef = CAC001A1244957320099C2D2 /* superhero_tabbar_item@3x.png */; };
		CAC001B4244957320099C2D2 /* now_playing_tabbar_item@3x.png in Resources */ = {isa = PBXBuildFile; fileRef = CAC001A2244957320099C2D2 /* now_playing_tabbar_item@3x.png */; };
		CCD7C0C6117C62B5CF746384 /* Pods_flix_flixUITests.framework in Frameworks */ = {isa = PBXBuildFile; fileRef = 0C67B5C051D6C4E08D886454 /* Pods_flix_flixUITests.framework */; };
/* End PBXBuildFile section */

/* Begin PBXContainerItemProxy section */
		CAC001732449555D0099C2D2 /* PBXContainerItemProxy */ = {
			isa = PBXContainerItemProxy;
			containerPortal = CAC001542449555C0099C2D2 /* Project object */;
			proxyType = 1;
			remoteGlobalIDString = CAC0015B2449555C0099C2D2;
			remoteInfo = flix;
		};
		CAC0017E2449555D0099C2D2 /* PBXContainerItemProxy */ = {
			isa = PBXContainerItemProxy;
			containerPortal = CAC001542449555C0099C2D2 /* Project object */;
			proxyType = 1;
			remoteGlobalIDString = CAC0015B2449555C0099C2D2;
			remoteInfo = flix;
		};
/* End PBXContainerItemProxy section */

/* Begin PBXFileReference section */
		0BB717496DCD2E2F71EAF0A7 /* Pods_flix.framework */ = {isa = PBXFileReference; explicitFileType = wrapper.framework; includeInIndex = 0; path = Pods_flix.framework; sourceTree = BUILT_PRODUCTS_DIR; };
		0C67B5C051D6C4E08D886454 /* Pods_flix_flixUITests.framework */ = {isa = PBXFileReference; explicitFileType = wrapper.framework; includeInIndex = 0; path = Pods_flix_flixUITests.framework; sourceTree = BUILT_PRODUCTS_DIR; };
		3B04F5A5C912E9F4AA42E425 /* Pods-flix.debug.xcconfig */ = {isa = PBXFileReference; includeInIndex = 1; lastKnownFileType = text.xcconfig; name = "Pods-flix.debug.xcconfig"; path = "Target Support Files/Pods-flix/Pods-flix.debug.xcconfig"; sourceTree = "<group>"; };
		98B04DB8C64511F8B7CD47D9 /* Pods_flixTests.framework */ = {isa = PBXFileReference; explicitFileType = wrapper.framework; includeInIndex = 0; path = Pods_flixTests.framework; sourceTree = BUILT_PRODUCTS_DIR; };
		9B8C62FA9069C9D0516D42E4 /* Pods-flix-flixUITests.debug.xcconfig */ = {isa = PBXFileReference; includeInIndex = 1; lastKnownFileType = text.xcconfig; name = "Pods-flix-flixUITests.debug.xcconfig"; path = "Target Support Files/Pods-flix-flixUITests/Pods-flix-flixUITests.debug.xcconfig"; sourceTree = "<group>"; };
		CA863BE22449839F00CAD990 /* MovieCell.swift */ = {isa = PBXFileReference; lastKnownFileType = sourcecode.swift; path = MovieCell.swift; sourceTree = "<group>"; };
		CAC0015C2449555C0099C2D2 /* flix.app */ = {isa = PBXFileReference; explicitFileType = wrapper.application; includeInIndex = 0; path = flix.app; sourceTree = BUILT_PRODUCTS_DIR; };
		CAC0015F2449555C0099C2D2 /* AppDelegate.swift */ = {isa = PBXFileReference; lastKnownFileType = sourcecode.swift; path = AppDelegate.swift; sourceTree = "<group>"; };
		CAC001612449555C0099C2D2 /* SceneDelegate.swift */ = {isa = PBXFileReference; lastKnownFileType = sourcecode.swift; path = SceneDelegate.swift; sourceTree = "<group>"; };
		CAC001632449555C0099C2D2 /* ViewController.swift */ = {isa = PBXFileReference; lastKnownFileType = sourcecode.swift; path = ViewController.swift; sourceTree = "<group>"; };
		CAC001662449555C0099C2D2 /* Base */ = {isa = PBXFileReference; lastKnownFileType = file.storyboard; name = Base; path = Base.lproj/Main.storyboard; sourceTree = "<group>"; };
		CAC001682449555D0099C2D2 /* Assets.xcassets */ = {isa = PBXFileReference; lastKnownFileType = folder.assetcatalog; path = Assets.xcassets; sourceTree = "<group>"; };
		CAC0016B2449555D0099C2D2 /* Base */ = {isa = PBXFileReference; lastKnownFileType = file.storyboard; name = Base; path = Base.lproj/LaunchScreen.storyboard; sourceTree = "<group>"; };
		CAC0016D2449555D0099C2D2 /* Info.plist */ = {isa = PBXFileReference; lastKnownFileType = text.plist.xml; path = Info.plist; sourceTree = "<group>"; };
		CAC001722449555D0099C2D2 /* flixTests.xctest */ = {isa = PBXFileReference; explicitFileType = wrapper.cfbundle; includeInIndex = 0; path = flixTests.xctest; sourceTree = BUILT_PRODUCTS_DIR; };
		CAC001762449555D0099C2D2 /* flixTests.swift */ = {isa = PBXFileReference; lastKnownFileType = sourcecode.swift; path = flixTests.swift; sourceTree = "<group>"; };
		CAC001782449555D0099C2D2 /* Info.plist */ = {isa = PBXFileReference; lastKnownFileType = text.plist.xml; path = Info.plist; sourceTree = "<group>"; };
		CAC0017D2449555D0099C2D2 /* flixUITests.xctest */ = {isa = PBXFileReference; explicitFileType = wrapper.cfbundle; includeInIndex = 0; path = flixUITests.xctest; sourceTree = BUILT_PRODUCTS_DIR; };
		CAC001812449555D0099C2D2 /* flixUITests.swift */ = {isa = PBXFileReference; lastKnownFileType = sourcecode.swift; path = flixUITests.swift; sourceTree = "<group>"; };
		CAC001832449555D0099C2D2 /* Info.plist */ = {isa = PBXFileReference; lastKnownFileType = text.plist.xml; path = Info.plist; sourceTree = "<group>"; };
		CAC0018F2449565C0099C2D2 /* MoviesViewController.swift */ = {isa = PBXFileReference; lastKnownFileType = sourcecode.swift; path = MoviesViewController.swift; sourceTree = "<group>"; };
		CAC00191244957310099C2D2 /* now_playing_tabbar_item.png */ = {isa = PBXFileReference; lastKnownFileType = image.png; name = now_playing_tabbar_item.png; path = ../../../Downloads/iOS_flix_assets/now_playing_tabbar_item.png; sourceTree = "<group>"; };
		CAC00192244957310099C2D2 /* ticket_tabbar_icon@2x.png */ = {isa = PBXFileReference; lastKnownFileType = image.png; name = "ticket_tabbar_icon@2x.png"; path = "../../../Downloads/iOS_flix_assets/ticket_tabbar_icon@2x.png"; sourceTree = "<group>"; };
		CAC00193244957310099C2D2 /* ticket_tabbar_icon.png */ = {isa = PBXFileReference; lastKnownFileType = image.png; name = ticket_tabbar_icon.png; path = ../../../Downloads/iOS_flix_assets/ticket_tabbar_icon.png; sourceTree = "<group>"; };
		CAC00194244957310099C2D2 /* ticket_tabbar_icon@3x.png */ = {isa = PBXFileReference; lastKnownFileType = image.png; name = "ticket_tabbar_icon@3x.png"; path = "../../../Downloads/iOS_flix_assets/ticket_tabbar_icon@3x.png"; sourceTree = "<group>"; };
		CAC00195244957310099C2D2 /* superhero_tabbar_item@2x.png */ = {isa = PBXFileReference; lastKnownFileType = image.png; name = "superhero_tabbar_item@2x.png"; path = "../../../Downloads/iOS_flix_assets/superhero_tabbar_item@2x.png"; sourceTree = "<group>"; };
		CAC00196244957310099C2D2 /* launch_image@2x.png */ = {isa = PBXFileReference; lastKnownFileType = image.png; name = "launch_image@2x.png"; path = "../../../Downloads/iOS_flix_assets/launch_image@2x.png"; sourceTree = "<group>"; };
		CAC00197244957310099C2D2 /* launch_image@3x.png */ = {isa = PBXFileReference; lastKnownFileType = image.png; name = "launch_image@3x.png"; path = "../../../Downloads/iOS_flix_assets/launch_image@3x.png"; sourceTree = "<group>"; };
		CAC00198244957310099C2D2 /* projector_tabbar_item.png */ = {isa = PBXFileReference; lastKnownFileType = image.png; name = projector_tabbar_item.png; path = ../../../Downloads/iOS_flix_assets/projector_tabbar_item.png; sourceTree = "<group>"; };
		CAC00199244957310099C2D2 /* now_playing_tabbar_item@2x.png */ = {isa = PBXFileReference; lastKnownFileType = image.png; name = "now_playing_tabbar_item@2x.png"; path = "../../../Downloads/iOS_flix_assets/now_playing_tabbar_item@2x.png"; sourceTree = "<group>"; };
		CAC0019A244957310099C2D2 /* reel_tabbar_icon@2x.png */ = {isa = PBXFileReference; lastKnownFileType = image.png; name = "reel_tabbar_icon@2x.png"; path = "../../../Downloads/iOS_flix_assets/reel_tabbar_icon@2x.png"; sourceTree = "<group>"; };
		CAC0019B244957310099C2D2 /* launch_image.png */ = {isa = PBXFileReference; lastKnownFileType = image.png; name = launch_image.png; path = ../../../Downloads/iOS_flix_assets/launch_image.png; sourceTree = "<group>"; };
		CAC0019C244957310099C2D2 /* reel_tabbar_icon@3x.png */ = {isa = PBXFileReference; lastKnownFileType = image.png; name = "reel_tabbar_icon@3x.png"; path = "../../../Downloads/iOS_flix_assets/reel_tabbar_icon@3x.png"; sourceTree = "<group>"; };
		CAC0019D244957310099C2D2 /* superhero_tabbar_item.png */ = {isa = PBXFileReference; lastKnownFileType = image.png; name = superhero_tabbar_item.png; path = ../../../Downloads/iOS_flix_assets/superhero_tabbar_item.png; sourceTree = "<group>"; };
		CAC0019E244957310099C2D2 /* projector_tabbar_item@3x.png */ = {isa = PBXFileReference; lastKnownFileType = image.png; name = "projector_tabbar_item@3x.png"; path = "../../../Downloads/iOS_flix_assets/projector_tabbar_item@3x.png"; sourceTree = "<group>"; };
		CAC0019F244957320099C2D2 /* projector_tabbar_item@2x.png */ = {isa = PBXFileReference; lastKnownFileType = image.png; name = "projector_tabbar_item@2x.png"; path = "../../../Downloads/iOS_flix_assets/projector_tabbar_item@2x.png"; sourceTree = "<group>"; };
		CAC001A0244957320099C2D2 /* reel_tabbar_icon.png */ = {isa = PBXFileReference; lastKnownFileType = image.png; name = reel_tabbar_icon.png; path = ../../../Downloads/iOS_flix_assets/reel_tabbar_icon.png; sourceTree = "<group>"; };
		CAC001A1244957320099C2D2 /* superhero_tabbar_item@3x.png */ = {isa = PBXFileReference; lastKnownFileType = image.png; name = "superhero_tabbar_item@3x.png"; path = "../../../Downloads/iOS_flix_assets/superhero_tabbar_item@3x.png"; sourceTree = "<group>"; };
		CAC001A2244957320099C2D2 /* now_playing_tabbar_item@3x.png */ = {isa = PBXFileReference; lastKnownFileType = image.png; name = "now_playing_tabbar_item@3x.png"; path = "../../../Downloads/iOS_flix_assets/now_playing_tabbar_item@3x.png"; sourceTree = "<group>"; };
		D5CE7BBDEC266CBE0C31C814 /* Pods-flix.release.xcconfig */ = {isa = PBXFileReference; includeInIndex = 1; lastKnownFileType = text.xcconfig; name = "Pods-flix.release.xcconfig"; path = "Target Support Files/Pods-flix/Pods-flix.release.xcconfig"; sourceTree = "<group>"; };
		E7B00A30FFC0E9E2C9ACBEE3 /* Pods-flixTests.debug.xcconfig */ = {isa = PBXFileReference; includeInIndex = 1; lastKnownFileType = text.xcconfig; name = "Pods-flixTests.debug.xcconfig"; path = "Target Support Files/Pods-flixTests/Pods-flixTests.debug.xcconfig"; sourceTree = "<group>"; };
		F827442EC38AB25DFED90141 /* Pods-flix-flixUITests.release.xcconfig */ = {isa = PBXFileReference; includeInIndex = 1; lastKnownFileType = text.xcconfig; name = "Pods-flix-flixUITests.release.xcconfig"; path = "Target Support Files/Pods-flix-flixUITests/Pods-flix-flixUITests.release.xcconfig"; sourceTree = "<group>"; };
		F9710BABE87AC9F52210E9F5 /* Pods-flixTests.release.xcconfig */ = {isa = PBXFileReference; includeInIndex = 1; lastKnownFileType = text.xcconfig; name = "Pods-flixTests.release.xcconfig"; path = "Target Support Files/Pods-flixTests/Pods-flixTests.release.xcconfig"; sourceTree = "<group>"; };
/* End PBXFileReference section */

/* Begin PBXFrameworksBuildPhase section */
		CAC001592449555C0099C2D2 /* Frameworks */ = {
			isa = PBXFrameworksBuildPhase;
			buildActionMask = 2147483647;
			files = (
				A63510F7A6B237E8394C9CDA /* Pods_flix.framework in Frameworks */,
			);
			runOnlyForDeploymentPostprocessing = 0;
		};
		CAC0016F2449555D0099C2D2 /* Frameworks */ = {
			isa = PBXFrameworksBuildPhase;
			buildActionMask = 2147483647;
			files = (
				4784E246E2C1C98780B765F5 /* Pods_flixTests.framework in Frameworks */,
			);
			runOnlyForDeploymentPostprocessing = 0;
		};
		CAC0017A2449555D0099C2D2 /* Frameworks */ = {
			isa = PBXFrameworksBuildPhase;
			buildActionMask = 2147483647;
			files = (
				CCD7C0C6117C62B5CF746384 /* Pods_flix_flixUITests.framework in Frameworks */,
			);
			runOnlyForDeploymentPostprocessing = 0;
		};
/* End PBXFrameworksBuildPhase section */

/* Begin PBXGroup section */
		208811A08303647F991F541D /* Pods */ = {
			isa = PBXGroup;
			children = (
				3B04F5A5C912E9F4AA42E425 /* Pods-flix.debug.xcconfig */,
				D5CE7BBDEC266CBE0C31C814 /* Pods-flix.release.xcconfig */,
				9B8C62FA9069C9D0516D42E4 /* Pods-flix-flixUITests.debug.xcconfig */,
				F827442EC38AB25DFED90141 /* Pods-flix-flixUITests.release.xcconfig */,
				E7B00A30FFC0E9E2C9ACBEE3 /* Pods-flixTests.debug.xcconfig */,
				F9710BABE87AC9F52210E9F5 /* Pods-flixTests.release.xcconfig */,
			);
			name = Pods;
			path = Pods;
			sourceTree = "<group>";
		};
		9FE399384089CA20AC047758 /* Frameworks */ = {
			isa = PBXGroup;
			children = (
				0BB717496DCD2E2F71EAF0A7 /* Pods_flix.framework */,
				0C67B5C051D6C4E08D886454 /* Pods_flix_flixUITests.framework */,
				98B04DB8C64511F8B7CD47D9 /* Pods_flixTests.framework */,
			);
			name = Frameworks;
			sourceTree = "<group>";
		};
		CAC001532449555C0099C2D2 = {
			isa = PBXGroup;
			children = (
				CAC0015E2449555C0099C2D2 /* flix */,
				CAC001752449555D0099C2D2 /* flixTests */,
				CAC001802449555D0099C2D2 /* flixUITests */,
				CAC0015D2449555C0099C2D2 /* Products */,
				208811A08303647F991F541D /* Pods */,
				9FE399384089CA20AC047758 /* Frameworks */,
			);
			sourceTree = "<group>";
		};
		CAC0015D2449555C0099C2D2 /* Products */ = {
			isa = PBXGroup;
			children = (
				CAC0015C2449555C0099C2D2 /* flix.app */,
				CAC001722449555D0099C2D2 /* flixTests.xctest */,
				CAC0017D2449555D0099C2D2 /* flixUITests.xctest */,
			);
			name = Products;
			sourceTree = "<group>";
		};
		CAC0015E2449555C0099C2D2 /* flix */ = {
			isa = PBXGroup;
			children = (
				CA863BE22449839F00CAD990 /* MovieCell.swift */,
				CAC0015F2449555C0099C2D2 /* AppDelegate.swift */,
				CAC001612449555C0099C2D2 /* SceneDelegate.swift */,
				CAC001632449555C0099C2D2 /* ViewController.swift */,
				CAC001682449555D0099C2D2 /* Assets.xcassets */,
				CAC0019B244957310099C2D2 /* launch_image.png */,
				CAC00196244957310099C2D2 /* launch_image@2x.png */,
				CAC00197244957310099C2D2 /* launch_image@3x.png */,
				CAC00191244957310099C2D2 /* now_playing_tabbar_item.png */,
				CAC00199244957310099C2D2 /* now_playing_tabbar_item@2x.png */,
				CAC001A2244957320099C2D2 /* now_playing_tabbar_item@3x.png */,
				CAC00198244957310099C2D2 /* projector_tabbar_item.png */,
				CAC0019F244957320099C2D2 /* projector_tabbar_item@2x.png */,
				CAC0019E244957310099C2D2 /* projector_tabbar_item@3x.png */,
				CAC001A0244957320099C2D2 /* reel_tabbar_icon.png */,
				CAC0019A244957310099C2D2 /* reel_tabbar_icon@2x.png */,
				CAC0019C244957310099C2D2 /* reel_tabbar_icon@3x.png */,
				CAC0019D244957310099C2D2 /* superhero_tabbar_item.png */,
				CAC00195244957310099C2D2 /* superhero_tabbar_item@2x.png */,
				CAC001A1244957320099C2D2 /* superhero_tabbar_item@3x.png */,
				CAC00193244957310099C2D2 /* ticket_tabbar_icon.png */,
				CAC00192244957310099C2D2 /* ticket_tabbar_icon@2x.png */,
				CAC00194244957310099C2D2 /* ticket_tabbar_icon@3x.png */,
				CAC0016A2449555D0099C2D2 /* LaunchScreen.storyboard */,
				CAC0016D2449555D0099C2D2 /* Info.plist */,
				CAC001652449555C0099C2D2 /* Main.storyboard */,
				CAC0018F2449565C0099C2D2 /* MoviesViewController.swift */,
			);
			path = flix;
			sourceTree = "<group>";
		};
		CAC001752449555D0099C2D2 /* flixTests */ = {
			isa = PBXGroup;
			children = (
				CAC001762449555D0099C2D2 /* flixTests.swift */,
				CAC001782449555D0099C2D2 /* Info.plist */,
			);
			path = flixTests;
			sourceTree = "<group>";
		};
		CAC001802449555D0099C2D2 /* flixUITests */ = {
			isa = PBXGroup;
			children = (
				CAC001812449555D0099C2D2 /* flixUITests.swift */,
				CAC001832449555D0099C2D2 /* Info.plist */,
			);
			path = flixUITests;
			sourceTree = "<group>";
		};
/* End PBXGroup section */

/* Begin PBXNativeTarget section */
		CAC0015B2449555C0099C2D2 /* flix */ = {
			isa = PBXNativeTarget;
			buildConfigurationList = CAC001862449555D0099C2D2 /* Build configuration list for PBXNativeTarget "flix" */;
			buildPhases = (
				435DAEC603D0FC0957F55787 /* [CP] Check Pods Manifest.lock */,
				CAC001582449555C0099C2D2 /* Sources */,
				CAC001592449555C0099C2D2 /* Frameworks */,
				CAC0015A2449555C0099C2D2 /* Resources */,
				0C8534DDEAEA9CBD96055713 /* [CP] Embed Pods Frameworks */,
			);
			buildRules = (
			);
			dependencies = (
			);
			name = flix;
			productName = flix;
			productReference = CAC0015C2449555C0099C2D2 /* flix.app */;
			productType = "com.apple.product-type.application";
		};
		CAC001712449555D0099C2D2 /* flixTests */ = {
			isa = PBXNativeTarget;
			buildConfigurationList = CAC001892449555D0099C2D2 /* Build configuration list for PBXNativeTarget "flixTests" */;
			buildPhases = (
				C217BF15A7CFC8E70E907EFF /* [CP] Check Pods Manifest.lock */,
				CAC0016E2449555D0099C2D2 /* Sources */,
				CAC0016F2449555D0099C2D2 /* Frameworks */,
				CAC001702449555D0099C2D2 /* Resources */,
			);
			buildRules = (
			);
			dependencies = (
				CAC001742449555D0099C2D2 /* PBXTargetDependency */,
			);
			name = flixTests;
			productName = flixTests;
			productReference = CAC001722449555D0099C2D2 /* flixTests.xctest */;
			productType = "com.apple.product-type.bundle.unit-test";
		};
		CAC0017C2449555D0099C2D2 /* flixUITests */ = {
			isa = PBXNativeTarget;
			buildConfigurationList = CAC0018C2449555D0099C2D2 /* Build configuration list for PBXNativeTarget "flixUITests" */;
			buildPhases = (
				E1A63BE46E3D7ADDBABE14D5 /* [CP] Check Pods Manifest.lock */,
				CAC001792449555D0099C2D2 /* Sources */,
				CAC0017A2449555D0099C2D2 /* Frameworks */,
				CAC0017B2449555D0099C2D2 /* Resources */,
				E788FC41279AA45EBA70D35C /* [CP] Embed Pods Frameworks */,
			);
			buildRules = (
			);
			dependencies = (
				CAC0017F2449555D0099C2D2 /* PBXTargetDependency */,
			);
			name = flixUITests;
			productName = flixUITests;
			productReference = CAC0017D2449555D0099C2D2 /* flixUITests.xctest */;
			productType = "com.apple.product-type.bundle.ui-testing";
		};
/* End PBXNativeTarget section */

/* Begin PBXProject section */
		CAC001542449555C0099C2D2 /* Project object */ = {
			isa = PBXProject;
			attributes = {
				LastSwiftUpdateCheck = 1140;
				LastUpgradeCheck = 1140;
				ORGANIZATIONNAME = "bha3@uci.edu";
				TargetAttributes = {
					CAC0015B2449555C0099C2D2 = {
						CreatedOnToolsVersion = 11.4;
					};
					CAC001712449555D0099C2D2 = {
						CreatedOnToolsVersion = 11.4;
						TestTargetID = CAC0015B2449555C0099C2D2;
					};
					CAC0017C2449555D0099C2D2 = {
						CreatedOnToolsVersion = 11.4;
						TestTargetID = CAC0015B2449555C0099C2D2;
					};
				};
			};
			buildConfigurationList = CAC001572449555C0099C2D2 /* Build configuration list for PBXProject "flix" */;
			compatibilityVersion = "Xcode 9.3";
			developmentRegion = en;
			hasScannedForEncodings = 0;
			knownRegions = (
				en,
				Base,
			);
			mainGroup = CAC001532449555C0099C2D2;
			productRefGroup = CAC0015D2449555C0099C2D2 /* Products */;
			projectDirPath = "";
			projectRoot = "";
			targets = (
				CAC0015B2449555C0099C2D2 /* flix */,
				CAC001712449555D0099C2D2 /* flixTests */,
				CAC0017C2449555D0099C2D2 /* flixUITests */,
			);
		};
/* End PBXProject section */

/* Begin PBXResourcesBuildPhase section */
		CAC0015A2449555C0099C2D2 /* Resources */ = {
			isa = PBXResourcesBuildPhase;
			buildActionMask = 2147483647;
			files = (
				CAC001A8244957320099C2D2 /* launch_image@2x.png in Resources */,
				CAC001AC244957320099C2D2 /* reel_tabbar_icon@2x.png in Resources */,
				CAC001AF244957320099C2D2 /* superhero_tabbar_item.png in Resources */,
				CAC001B0244957320099C2D2 /* projector_tabbar_item@3x.png in Resources */,
				CAC001B3244957320099C2D2 /* superhero_tabbar_item@3x.png in Resources */,
				CAC0016C2449555D0099C2D2 /* LaunchScreen.storyboard in Resources */,
				CAC001692449555D0099C2D2 /* Assets.xcassets in Resources */,
				CAC001AD244957320099C2D2 /* launch_image.png in Resources */,
				CAC001AA244957320099C2D2 /* projector_tabbar_item.png in Resources */,
				CAC001A5244957320099C2D2 /* ticket_tabbar_icon.png in Resources */,
				CAC001A6244957320099C2D2 /* ticket_tabbar_icon@3x.png in Resources */,
				CAC001A4244957320099C2D2 /* ticket_tabbar_icon@2x.png in Resources */,
				CAC001AE244957320099C2D2 /* reel_tabbar_icon@3x.png in Resources */,
				CAC001AB244957320099C2D2 /* now_playing_tabbar_item@2x.png in Resources */,
				CAC001A3244957320099C2D2 /* now_playing_tabbar_item.png in Resources */,
				CAC001B2244957320099C2D2 /* reel_tabbar_icon.png in Resources */,
				CAC001B1244957320099C2D2 /* projector_tabbar_item@2x.png in Resources */,
				CAC001672449555C0099C2D2 /* Main.storyboard in Resources */,
				CAC001A9244957320099C2D2 /* launch_image@3x.png in Resources */,
				CAC001A7244957320099C2D2 /* superhero_tabbar_item@2x.png in Resources */,
				CAC001B4244957320099C2D2 /* now_playing_tabbar_item@3x.png in Resources */,
			);
			runOnlyForDeploymentPostprocessing = 0;
		};
		CAC001702449555D0099C2D2 /* Resources */ = {
			isa = PBXResourcesBuildPhase;
			buildActionMask = 2147483647;
			files = (
			);
			runOnlyForDeploymentPostprocessing = 0;
		};
		CAC0017B2449555D0099C2D2 /* Resources */ = {
			isa = PBXResourcesBuildPhase;
			buildActionMask = 2147483647;
			files = (
			);
			runOnlyForDeploymentPostprocessing = 0;
		};
/* End PBXResourcesBuildPhase section */

/* Begin PBXShellScriptBuildPhase section */
		0C8534DDEAEA9CBD96055713 /* [CP] Embed Pods Frameworks */ = {
			isa = PBXShellScriptBuildPhase;
			buildActionMask = 2147483647;
			files = (
			);
			inputFileListPaths = (
				"${PODS_ROOT}/Target Support Files/Pods-flix/Pods-flix-frameworks-${CONFIGURATION}-input-files.xcfilelist",
			);
			name = "[CP] Embed Pods Frameworks";
			outputFileListPaths = (
				"${PODS_ROOT}/Target Support Files/Pods-flix/Pods-flix-frameworks-${CONFIGURATION}-output-files.xcfilelist",
			);
			runOnlyForDeploymentPostprocessing = 0;
			shellPath = /bin/sh;
			shellScript = "\"${PODS_ROOT}/Target Support Files/Pods-flix/Pods-flix-frameworks.sh\"\n";
			showEnvVarsInLog = 0;
		};
		435DAEC603D0FC0957F55787 /* [CP] Check Pods Manifest.lock */ = {
			isa = PBXShellScriptBuildPhase;
			buildActionMask = 2147483647;
			files = (
			);
			inputFileListPaths = (
			);
			inputPaths = (
				"${PODS_PODFILE_DIR_PATH}/Podfile.lock",
				"${PODS_ROOT}/Manifest.lock",
			);
			name = "[CP] Check Pods Manifest.lock";
			outputFileListPaths = (
			);
			outputPaths = (
				"$(DERIVED_FILE_DIR)/Pods-flix-checkManifestLockResult.txt",
			);
			runOnlyForDeploymentPostprocessing = 0;
			shellPath = /bin/sh;
			shellScript = "diff \"${PODS_PODFILE_DIR_PATH}/Podfile.lock\" \"${PODS_ROOT}/Manifest.lock\" > /dev/null\nif [ $? != 0 ] ; then\n    # print error to STDERR\n    echo \"error: The sandbox is not in sync with the Podfile.lock. Run 'pod install' or update your CocoaPods installation.\" >&2\n    exit 1\nfi\n# This output is used by Xcode 'outputs' to avoid re-running this script phase.\necho \"SUCCESS\" > \"${SCRIPT_OUTPUT_FILE_0}\"\n";
			showEnvVarsInLog = 0;
		};
		C217BF15A7CFC8E70E907EFF /* [CP] Check Pods Manifest.lock */ = {
			isa = PBXShellScriptBuildPhase;
			buildActionMask = 2147483647;
			files = (
			);
			inputFileListPaths = (
			);
			inputPaths = (
				"${PODS_PODFILE_DIR_PATH}/Podfile.lock",
				"${PODS_ROOT}/Manifest.lock",
			);
			name = "[CP] Check Pods Manifest.lock";
			outputFileListPaths = (
			);
			outputPaths = (
				"$(DERIVED_FILE_DIR)/Pods-flixTests-checkManifestLockResult.txt",
			);
			runOnlyForDeploymentPostprocessing = 0;
			shellPath = /bin/sh;
			shellScript = "diff \"${PODS_PODFILE_DIR_PATH}/Podfile.lock\" \"${PODS_ROOT}/Manifest.lock\" > /dev/null\nif [ $? != 0 ] ; then\n    # print error to STDERR\n    echo \"error: The sandbox is not in sync with the Podfile.lock. Run 'pod install' or update your CocoaPods installation.\" >&2\n    exit 1\nfi\n# This output is used by Xcode 'outputs' to avoid re-running this script phase.\necho \"SUCCESS\" > \"${SCRIPT_OUTPUT_FILE_0}\"\n";
			showEnvVarsInLog = 0;
		};
		E1A63BE46E3D7ADDBABE14D5 /* [CP] Check Pods Manifest.lock */ = {
			isa = PBXShellScriptBuildPhase;
			buildActionMask = 2147483647;
			files = (
			);
			inputFileListPaths = (
			);
			inputPaths = (
				"${PODS_PODFILE_DIR_PATH}/Podfile.lock",
				"${PODS_ROOT}/Manifest.lock",
			);
			name = "[CP] Check Pods Manifest.lock";
			outputFileListPaths = (
			);
			outputPaths = (
				"$(DERIVED_FILE_DIR)/Pods-flix-flixUITests-checkManifestLockResult.txt",
			);
			runOnlyForDeploymentPostprocessing = 0;
			shellPath = /bin/sh;
			shellScript = "diff \"${PODS_PODFILE_DIR_PATH}/Podfile.lock\" \"${PODS_ROOT}/Manifest.lock\" > /dev/null\nif [ $? != 0 ] ; then\n    # print error to STDERR\n    echo \"error: The sandbox is not in sync with the Podfile.lock. Run 'pod install' or update your CocoaPods installation.\" >&2\n    exit 1\nfi\n# This output is used by Xcode 'outputs' to avoid re-running this script phase.\necho \"SUCCESS\" > \"${SCRIPT_OUTPUT_FILE_0}\"\n";
			showEnvVarsInLog = 0;
		};
		E788FC41279AA45EBA70D35C /* [CP] Embed Pods Frameworks */ = {
			isa = PBXShellScriptBuildPhase;
			buildActionMask = 2147483647;
			files = (
			);
			inputFileListPaths = (
				"${PODS_ROOT}/Target Support Files/Pods-flix-flixUITests/Pods-flix-flixUITests-frameworks-${CONFIGURATION}-input-files.xcfilelist",
			);
			name = "[CP] Embed Pods Frameworks";
			outputFileListPaths = (
				"${PODS_ROOT}/Target Support Files/Pods-flix-flixUITests/Pods-flix-flixUITests-frameworks-${CONFIGURATION}-output-files.xcfilelist",
			);
			runOnlyForDeploymentPostprocessing = 0;
			shellPath = /bin/sh;
			shellScript = "\"${PODS_ROOT}/Target Support Files/Pods-flix-flixUITests/Pods-flix-flixUITests-frameworks.sh\"\n";
			showEnvVarsInLog = 0;
		};
/* End PBXShellScriptBuildPhase section */

/* Begin PBXSourcesBuildPhase section */
		CAC001582449555C0099C2D2 /* Sources */ = {
			isa = PBXSourcesBuildPhase;
			buildActionMask = 2147483647;
			files = (
				CAC001642449555C0099C2D2 /* ViewController.swift in Sources */,
				CAC001602449555C0099C2D2 /* AppDelegate.swift in Sources */,
				CAC001622449555C0099C2D2 /* SceneDelegate.swift in Sources */,
				CA863BE32449839F00CAD990 /* MovieCell.swift in Sources */,
				CAC001902449565C0099C2D2 /* MoviesViewController.swift in Sources */,
			);
			runOnlyForDeploymentPostprocessing = 0;
		};
		CAC0016E2449555D0099C2D2 /* Sources */ = {
			isa = PBXSourcesBuildPhase;
			buildActionMask = 2147483647;
			files = (
				CAC001772449555D0099C2D2 /* flixTests.swift in Sources */,
			);
			runOnlyForDeploymentPostprocessing = 0;
		};
		CAC001792449555D0099C2D2 /* Sources */ = {
			isa = PBXSourcesBuildPhase;
			buildActionMask = 2147483647;
			files = (
				CAC001822449555D0099C2D2 /* flixUITests.swift in Sources */,
			);
			runOnlyForDeploymentPostprocessing = 0;
		};
/* End PBXSourcesBuildPhase section */

/* Begin PBXTargetDependency section */
		CAC001742449555D0099C2D2 /* PBXTargetDependency */ = {
			isa = PBXTargetDependency;
			target = CAC0015B2449555C0099C2D2 /* flix */;
			targetProxy = CAC001732449555D0099C2D2 /* PBXContainerItemProxy */;
		};
		CAC0017F2449555D0099C2D2 /* PBXTargetDependency */ = {
			isa = PBXTargetDependency;
			target = CAC0015B2449555C0099C2D2 /* flix */;
			targetProxy = CAC0017E2449555D0099C2D2 /* PBXContainerItemProxy */;
		};
/* End PBXTargetDependency section */

/* Begin PBXVariantGroup section */
		CAC001652449555C0099C2D2 /* Main.storyboard */ = {
			isa = PBXVariantGroup;
			children = (
				CAC001662449555C0099C2D2 /* Base */,
			);
			name = Main.storyboard;
			sourceTree = "<group>";
		};
		CAC0016A2449555D0099C2D2 /* LaunchScreen.storyboard */ = {
			isa = PBXVariantGroup;
			children = (
				CAC0016B2449555D0099C2D2 /* Base */,
			);
			name = LaunchScreen.storyboard;
			sourceTree = "<group>";
		};
/* End PBXVariantGroup section */

/* Begin XCBuildConfiguration section */
		CAC001842449555D0099C2D2 /* Debug */ = {
			isa = XCBuildConfiguration;
			buildSettings = {
				ALWAYS_SEARCH_USER_PATHS = NO;
				CLANG_ANALYZER_NONNULL = YES;
				CLANG_ANALYZER_NUMBER_OBJECT_CONVERSION = YES_AGGRESSIVE;
				CLANG_CXX_LANGUAGE_STANDARD = "gnu++14";
				CLANG_CXX_LIBRARY = "libc++";
				CLANG_ENABLE_MODULES = YES;
				CLANG_ENABLE_OBJC_ARC = YES;
				CLANG_ENABLE_OBJC_WEAK = YES;
				CLANG_WARN_BLOCK_CAPTURE_AUTORELEASING = YES;
				CLANG_WARN_BOOL_CONVERSION = YES;
				CLANG_WARN_COMMA = YES;
				CLANG_WARN_CONSTANT_CONVERSION = YES;
				CLANG_WARN_DEPRECATED_OBJC_IMPLEMENTATIONS = YES;
				CLANG_WARN_DIRECT_OBJC_ISA_USAGE = YES_ERROR;
				CLANG_WARN_DOCUMENTATION_COMMENTS = YES;
				CLANG_WARN_EMPTY_BODY = YES;
				CLANG_WARN_ENUM_CONVERSION = YES;
				CLANG_WARN_INFINITE_RECURSION = YES;
				CLANG_WARN_INT_CONVERSION = YES;
				CLANG_WARN_NON_LITERAL_NULL_CONVERSION = YES;
				CLANG_WARN_OBJC_IMPLICIT_RETAIN_SELF = YES;
				CLANG_WARN_OBJC_LITERAL_CONVERSION = YES;
				CLANG_WARN_OBJC_ROOT_CLASS = YES_ERROR;
				CLANG_WARN_RANGE_LOOP_ANALYSIS = YES;
				CLANG_WARN_STRICT_PROTOTYPES = YES;
				CLANG_WARN_SUSPICIOUS_MOVE = YES;
				CLANG_WARN_UNGUARDED_AVAILABILITY = YES_AGGRESSIVE;
				CLANG_WARN_UNREACHABLE_CODE = YES;
				CLANG_WARN__DUPLICATE_METHOD_MATCH = YES;
				COPY_PHASE_STRIP = NO;
				DEBUG_INFORMATION_FORMAT = dwarf;
				ENABLE_STRICT_OBJC_MSGSEND = YES;
				ENABLE_TESTABILITY = YES;
				GCC_C_LANGUAGE_STANDARD = gnu11;
				GCC_DYNAMIC_NO_PIC = NO;
				GCC_NO_COMMON_BLOCKS = YES;
				GCC_OPTIMIZATION_LEVEL = 0;
				GCC_PREPROCESSOR_DEFINITIONS = (
					"DEBUG=1",
					"$(inherited)",
				);
				GCC_WARN_64_TO_32_BIT_CONVERSION = YES;
				GCC_WARN_ABOUT_RETURN_TYPE = YES_ERROR;
				GCC_WARN_UNDECLARED_SELECTOR = YES;
				GCC_WARN_UNINITIALIZED_AUTOS = YES_AGGRESSIVE;
				GCC_WARN_UNUSED_FUNCTION = YES;
				GCC_WARN_UNUSED_VARIABLE = YES;
				IPHONEOS_DEPLOYMENT_TARGET = 13.4;
				MTL_ENABLE_DEBUG_INFO = INCLUDE_SOURCE;
				MTL_FAST_MATH = YES;
				ONLY_ACTIVE_ARCH = YES;
				SDKROOT = iphoneos;
				SWIFT_ACTIVE_COMPILATION_CONDITIONS = DEBUG;
				SWIFT_OPTIMIZATION_LEVEL = "-Onone";
			};
			name = Debug;
		};
		CAC001852449555D0099C2D2 /* Release */ = {
			isa = XCBuildConfiguration;
			buildSettings = {
				ALWAYS_SEARCH_USER_PATHS = NO;
				CLANG_ANALYZER_NONNULL = YES;
				CLANG_ANALYZER_NUMBER_OBJECT_CONVERSION = YES_AGGRESSIVE;
				CLANG_CXX_LANGUAGE_STANDARD = "gnu++14";
				CLANG_CXX_LIBRARY = "libc++";
				CLANG_ENABLE_MODULES = YES;
				CLANG_ENABLE_OBJC_ARC = YES;
				CLANG_ENABLE_OBJC_WEAK = YES;
				CLANG_WARN_BLOCK_CAPTURE_AUTORELEASING = YES;
				CLANG_WARN_BOOL_CONVERSION = YES;
				CLANG_WARN_COMMA = YES;
				CLANG_WARN_CONSTANT_CONVERSION = YES;
				CLANG_WARN_DEPRECATED_OBJC_IMPLEMENTATIONS = YES;
				CLANG_WARN_DIRECT_OBJC_ISA_USAGE = YES_ERROR;
				CLANG_WARN_DOCUMENTATION_COMMENTS = YES;
				CLANG_WARN_EMPTY_BODY = YES;
				CLANG_WARN_ENUM_CONVERSION = YES;
				CLANG_WARN_INFINITE_RECURSION = YES;
				CLANG_WARN_INT_CONVERSION = YES;
				CLANG_WARN_NON_LITERAL_NULL_CONVERSION = YES;
				CLANG_WARN_OBJC_IMPLICIT_RETAIN_SELF = YES;
				CLANG_WARN_OBJC_LITERAL_CONVERSION = YES;
				CLANG_WARN_OBJC_ROOT_CLASS = YES_ERROR;
				CLANG_WARN_RANGE_LOOP_ANALYSIS = YES;
				CLANG_WARN_STRICT_PROTOTYPES = YES;
				CLANG_WARN_SUSPICIOUS_MOVE = YES;
				CLANG_WARN_UNGUARDED_AVAILABILITY = YES_AGGRESSIVE;
				CLANG_WARN_UNREACHABLE_CODE = YES;
				CLANG_WARN__DUPLICATE_METHOD_MATCH = YES;
				COPY_PHASE_STRIP = NO;
				DEBUG_INFORMATION_FORMAT = "dwarf-with-dsym";
				ENABLE_NS_ASSERTIONS = NO;
				ENABLE_STRICT_OBJC_MSGSEND = YES;
				GCC_C_LANGUAGE_STANDARD = gnu11;
				GCC_NO_COMMON_BLOCKS = YES;
				GCC_WARN_64_TO_32_BIT_CONVERSION = YES;
				GCC_WARN_ABOUT_RETURN_TYPE = YES_ERROR;
				GCC_WARN_UNDECLARED_SELECTOR = YES;
				GCC_WARN_UNINITIALIZED_AUTOS = YES_AGGRESSIVE;
				GCC_WARN_UNUSED_FUNCTION = YES;
				GCC_WARN_UNUSED_VARIABLE = YES;
				IPHONEOS_DEPLOYMENT_TARGET = 13.4;
				MTL_ENABLE_DEBUG_INFO = NO;
				MTL_FAST_MATH = YES;
				SDKROOT = iphoneos;
				SWIFT_COMPILATION_MODE = wholemodule;
				SWIFT_OPTIMIZATION_LEVEL = "-O";
				VALIDATE_PRODUCT = YES;
			};
			name = Release;
		};
		CAC001872449555D0099C2D2 /* Debug */ = {
			isa = XCBuildConfiguration;
			baseConfigurationReference = 3B04F5A5C912E9F4AA42E425 /* Pods-flix.debug.xcconfig */;
			buildSettings = {
				ASSETCATALOG_COMPILER_APPICON_NAME = AppIcon;
				CODE_SIGN_STYLE = Automatic;
				INFOPLIST_FILE = flix/Info.plist;
				IPHONEOS_DEPLOYMENT_TARGET = 13.3;
				LD_RUNPATH_SEARCH_PATHS = (
					"$(inherited)",
					"@executable_path/Frameworks",
				);
				PRODUCT_BUNDLE_IDENTIFIER = bha.flix;
				PRODUCT_NAME = "$(TARGET_NAME)";
				SWIFT_VERSION = 5.0;
				TARGETED_DEVICE_FAMILY = "1,2";
			};
			name = Debug;
		};
		CAC001882449555D0099C2D2 /* Release */ = {
			isa = XCBuildConfiguration;
			baseConfigurationReference = D5CE7BBDEC266CBE0C31C814 /* Pods-flix.release.xcconfig */;
			buildSettings = {
				ASSETCATALOG_COMPILER_APPICON_NAME = AppIcon;
				CODE_SIGN_STYLE = Automatic;
				INFOPLIST_FILE = flix/Info.plist;
				IPHONEOS_DEPLOYMENT_TARGET = 13.3;
				LD_RUNPATH_SEARCH_PATHS = (
					"$(inherited)",
					"@executable_path/Frameworks",
				);
				PRODUCT_BUNDLE_IDENTIFIER = bha.flix;
				PRODUCT_NAME = "$(TARGET_NAME)";
				SWIFT_VERSION = 5.0;
				TARGETED_DEVICE_FAMILY = "1,2";
			};
			name = Release;
		};
		CAC0018A2449555D0099C2D2 /* Debug */ = {
			isa = XCBuildConfiguration;
			baseConfigurationReference = E7B00A30FFC0E9E2C9ACBEE3 /* Pods-flixTests.debug.xcconfig */;
			buildSettings = {
				ALWAYS_EMBED_SWIFT_STANDARD_LIBRARIES = YES;
				BUNDLE_LOADER = "$(TEST_HOST)";
				CODE_SIGN_STYLE = Automatic;
				INFOPLIST_FILE = flixTests/Info.plist;
				IPHONEOS_DEPLOYMENT_TARGET = 13.4;
				LD_RUNPATH_SEARCH_PATHS = (
					"$(inherited)",
					"@executable_path/Frameworks",
					"@loader_path/Frameworks",
				);
				PRODUCT_BUNDLE_IDENTIFIER = bha.flixTests;
				PRODUCT_NAME = "$(TARGET_NAME)";
				SWIFT_VERSION = 5.0;
				TARGETED_DEVICE_FAMILY = "1,2";
				TEST_HOST = "$(BUILT_PRODUCTS_DIR)/flix.app/flix";
			};
			name = Debug;
		};
		CAC0018B2449555D0099C2D2 /* Release */ = {
			isa = XCBuildConfiguration;
			baseConfigurationReference = F9710BABE87AC9F52210E9F5 /* Pods-flixTests.release.xcconfig */;
			buildSettings = {
				ALWAYS_EMBED_SWIFT_STANDARD_LIBRARIES = YES;
				BUNDLE_LOADER = "$(TEST_HOST)";
				CODE_SIGN_STYLE = Automatic;
				INFOPLIST_FILE = flixTests/Info.plist;
				IPHONEOS_DEPLOYMENT_TARGET = 13.4;
				LD_RUNPATH_SEARCH_PATHS = (
					"$(inherited)",
					"@executable_path/Frameworks",
					"@loader_path/Frameworks",
				);
				PRODUCT_BUNDLE_IDENTIFIER = bha.flixTests;
				PRODUCT_NAME = "$(TARGET_NAME)";
				SWIFT_VERSION = 5.0;
				TARGETED_DEVICE_FAMILY = "1,2";
				TEST_HOST = "$(BUILT_PRODUCTS_DIR)/flix.app/flix";
			};
			name = Release;
		};
		CAC0018D2449555D0099C2D2 /* Debug */ = {
			isa = XCBuildConfiguration;
			baseConfigurationReference = 9B8C62FA9069C9D0516D42E4 /* Pods-flix-flixUITests.debug.xcconfig */;
			buildSettings = {
				ALWAYS_EMBED_SWIFT_STANDARD_LIBRARIES = YES;
				CODE_SIGN_STYLE = Automatic;
				INFOPLIST_FILE = flixUITests/Info.plist;
				LD_RUNPATH_SEARCH_PATHS = (
					"$(inherited)",
					"@executable_path/Frameworks",
					"@loader_path/Frameworks",
				);
				PRODUCT_BUNDLE_IDENTIFIER = bha.flixUITests;
				PRODUCT_NAME = "$(TARGET_NAME)";
				SWIFT_VERSION = 5.0;
				TARGETED_DEVICE_FAMILY = "1,2";
				TEST_TARGET_NAME = flix;
			};
			name = Debug;
		};
		CAC0018E2449555D0099C2D2 /* Release */ = {
			isa = XCBuildConfiguration;
			baseConfigurationReference = F827442EC38AB25DFED90141 /* Pods-flix-flixUITests.release.xcconfig */;
			buildSettings = {
				ALWAYS_EMBED_SWIFT_STANDARD_LIBRARIES = YES;
				CODE_SIGN_STYLE = Automatic;
				INFOPLIST_FILE = flixUITests/Info.plist;
				LD_RUNPATH_SEARCH_PATHS = (
					"$(inherited)",
					"@executable_path/Frameworks",
					"@loader_path/Frameworks",
				);
				PRODUCT_BUNDLE_IDENTIFIER = bha.flixUITests;
				PRODUCT_NAME = "$(TARGET_NAME)";
				SWIFT_VERSION = 5.0;
				TARGETED_DEVICE_FAMILY = "1,2";
				TEST_TARGET_NAME = flix;
			};
			name = Release;
		};
/* End XCBuildConfiguration section */

/* Begin XCConfigurationList section */
		CAC001572449555C0099C2D2 /* Build configuration list for PBXProject "flix" */ = {
			isa = XCConfigurationList;
			buildConfigurations = (
				CAC001842449555D0099C2D2 /* Debug */,
				CAC001852449555D0099C2D2 /* Release */,
			);
			defaultConfigurationIsVisible = 0;
			defaultConfigurationName = Release;
		};
		CAC001862449555D0099C2D2 /* Build configuration list for PBXNativeTarget "flix" */ = {
			isa = XCConfigurationList;
			buildConfigurations = (
				CAC001872449555D0099C2D2 /* Debug */,
				CAC001882449555D0099C2D2 /* Release */,
			);
			defaultConfigurationIsVisible = 0;
			defaultConfigurationName = Release;
		};
		CAC001892449555D0099C2D2 /* Build configuration list for PBXNativeTarget "flixTests" */ = {
			isa = XCConfigurationList;
			buildConfigurations = (
				CAC0018A2449555D0099C2D2 /* Debug */,
				CAC0018B2449555D0099C2D2 /* Release */,
			);
			defaultConfigurationIsVisible = 0;
			defaultConfigurationName = Release;
		};
		CAC0018C2449555D0099C2D2 /* Build configuration list for PBXNativeTarget "flixUITests" */ = {
			isa = XCConfigurationList;
			buildConfigurations = (
				CAC0018D2449555D0099C2D2 /* Debug */,
				CAC0018E2449555D0099C2D2 /* Release */,
			);
			defaultConfigurationIsVisible = 0;
			defaultConfigurationName = Release;
		};
/* End XCConfigurationList section */
	};
	rootObject = CAC001542449555C0099C2D2 /* Project object */;
}
